
Microsoft Visual Studio Solution File, Format Version 12.00
# Visual Studio 15
VisualStudioVersion = 15.0.28010.2050
MinimumVisualStudioVersion = 10.0.40219.1
Project("{2150E333-8FDC-42A3-9474-1A3956D46DE8}") = "Client", "Client", "{CAAF929E-9E6E-4181-BF0D-FDA58175454B}"
EndProject
Project("{FAE04EC0-301F-11D3-BF4B-00C04F79EFBC}") = "RunnerCLI", "Client\RunnerCLI\RunnerCLI.csproj", "{437AD7DF-21EA-47F8-B0F0-B6CB5AECFEFC}"
EndProject
Project("{2150E333-8FDC-42A3-9474-1A3956D46DE8}") = "Middle", "Middle", "{8A0855D4-6F48-4B13-A751-129E52992D26}"
EndProject
Project("{FAE04EC0-301F-11D3-BF4B-00C04F79EFBC}") = "RunnerBLL", "Middle\RunnerBLL\RunnerBLL.csproj", "{588A1E39-4C12-46EA-9645-6721E7E94895}"
EndProject
Project("{2150E333-8FDC-42A3-9474-1A3956D46DE8}") = "Reflector", "Reflector", "{967158EE-102E-4DA7-A8A4-D1A50AD8F87A}"
EndProject
Project("{FAE04EC0-301F-11D3-BF4B-00C04F79EFBC}") = "APIOperator", "Reflector\APIOperator\APIOperator.csproj", "{4B89CE71-D9BB-4CBE-B1F4-644D139925EF}"
EndProject
Project("{FAE04EC0-301F-11D3-BF4B-00C04F79EFBC}") = "DatabaseSynchronizer", "Reflector\DatabaseSynchronizer\DatabaseSynchronizer.csproj", "{E7983699-2F77-498A-954B-1EE24C9EE5A1}"
EndProject
Project("{2150E333-8FDC-42A3-9474-1A3956D46DE8}") = "Scripts", "Scripts", "{FD1099C1-FFA8-4A89-8A22-C57C98D54E5D}"
EndProject
Project("{2150E333-8FDC-42A3-9474-1A3956D46DE8}") = "SQL", "SQL", "{C410DDEA-D36A-4934-BE4E-781C995C5B78}"
EndProject
Project("{2150E333-8FDC-42A3-9474-1A3956D46DE8}") = "Logger", "Logger", "{7EE36303-EFEE-466F-ADA0-D6B036E005DE}"
EndProject
Project("{2150E333-8FDC-42A3-9474-1A3956D46DE8}") = "Table", "Table", "{B6CBC060-516E-4411-8A72-5F58265B87C7}"
	ProjectSection(SolutionItems) = preProject
		Scripts\SQL\Logger\Table\dbo.RunnerLog.sql = Scripts\SQL\Logger\Table\dbo.RunnerLog.sql
	EndProjectSection
EndProject
Project("{FAE04EC0-301F-11D3-BF4B-00C04F79EFBC}") = "FileController", "Reflector\FileController\FileController.csproj", "{C19D8C32-B25A-4E15-BC99-4E5F05FFDE68}"
EndProject
Project("{2150E333-8FDC-42A3-9474-1A3956D46DE8}") = "Test", "Test", "{8268A682-CB10-418F-B2EF-657D0EBF1C81}"
EndProject
Project("{FAE04EC0-301F-11D3-BF4B-00C04F79EFBC}") = "RunnerBLLTests", "Test\Middle\RunnerBLLTests\RunnerBLLTests.csproj", "{624BF3BF-1092-46BB-84AD-DE48FFDCF033}"
EndProject
Global
	GlobalSection(SolutionConfigurationPlatforms) = preSolution
		Debug|Any CPU = Debug|Any CPU
		Release|Any CPU = Release|Any CPU
	EndGlobalSection
	GlobalSection(ProjectConfigurationPlatforms) = postSolution
		{437AD7DF-21EA-47F8-B0F0-B6CB5AECFEFC}.Debug|Any CPU.ActiveCfg = Debug|Any CPU
		{437AD7DF-21EA-47F8-B0F0-B6CB5AECFEFC}.Debug|Any CPU.Build.0 = Debug|Any CPU
		{437AD7DF-21EA-47F8-B0F0-B6CB5AECFEFC}.Release|Any CPU.ActiveCfg = Release|Any CPU
		{437AD7DF-21EA-47F8-B0F0-B6CB5AECFEFC}.Release|Any CPU.Build.0 = Release|Any CPU
		{588A1E39-4C12-46EA-9645-6721E7E94895}.Debug|Any CPU.ActiveCfg = Debug|Any CPU
		{588A1E39-4C12-46EA-9645-6721E7E94895}.Debug|Any CPU.Build.0 = Debug|Any CPU
		{588A1E39-4C12-46EA-9645-6721E7E94895}.Release|Any CPU.ActiveCfg = Release|Any CPU
		{588A1E39-4C12-46EA-9645-6721E7E94895}.Release|Any CPU.Build.0 = Release|Any CPU
		{4B89CE71-D9BB-4CBE-B1F4-644D139925EF}.Debug|Any CPU.ActiveCfg = Debug|Any CPU
		{4B89CE71-D9BB-4CBE-B1F4-644D139925EF}.Debug|Any CPU.Build.0 = Debug|Any CPU
		{4B89CE71-D9BB-4CBE-B1F4-644D139925EF}.Release|Any CPU.ActiveCfg = Release|Any CPU
		{4B89CE71-D9BB-4CBE-B1F4-644D139925EF}.Release|Any CPU.Build.0 = Release|Any CPU
		{E7983699-2F77-498A-954B-1EE24C9EE5A1}.Debug|Any CPU.ActiveCfg = Debug|Any CPU
		{E7983699-2F77-498A-954B-1EE24C9EE5A1}.Debug|Any CPU.Build.0 = Debug|Any CPU
		{E7983699-2F77-498A-954B-1EE24C9EE5A1}.Release|Any CPU.ActiveCfg = Release|Any CPU
		{E7983699-2F77-498A-954B-1EE24C9EE5A1}.Release|Any CPU.Build.0 = Release|Any CPU
		{C19D8C32-B25A-4E15-BC99-4E5F05FFDE68}.Debug|Any CPU.ActiveCfg = Debug|Any CPU
		{C19D8C32-B25A-4E15-BC99-4E5F05FFDE68}.Debug|Any CPU.Build.0 = Debug|Any CPU
		{C19D8C32-B25A-4E15-BC99-4E5F05FFDE68}.Release|Any CPU.ActiveCfg = Release|Any CPU
		{C19D8C32-B25A-4E15-BC99-4E5F05FFDE68}.Release|Any CPU.Build.0 = Release|Any CPU
		{624BF3BF-1092-46BB-84AD-DE48FFDCF033}.Debug|Any CPU.ActiveCfg = Debug|Any CPU
		{624BF3BF-1092-46BB-84AD-DE48FFDCF033}.Debug|Any CPU.Build.0 = Debug|Any CPU
		{624BF3BF-1092-46BB-84AD-DE48FFDCF033}.Release|Any CPU.ActiveCfg = Release|Any CPU
		{624BF3BF-1092-46BB-84AD-DE48FFDCF033}.Release|Any CPU.Build.0 = Release|Any CPU
	EndGlobalSection
	GlobalSection(SolutionProperties) = preSolution
		HideSolutionNode = FALSE
	EndGlobalSection
	GlobalSection(NestedProjects) = preSolution
		{437AD7DF-21EA-47F8-B0F0-B6CB5AECFEFC} = {CAAF929E-9E6E-4181-BF0D-FDA58175454B}
		{588A1E39-4C12-46EA-9645-6721E7E94895} = {8A0855D4-6F48-4B13-A751-129E52992D26}
		{4B89CE71-D9BB-4CBE-B1F4-644D139925EF} = {967158EE-102E-4DA7-A8A4-D1A50AD8F87A}
		{E7983699-2F77-498A-954B-1EE24C9EE5A1} = {967158EE-102E-4DA7-A8A4-D1A50AD8F87A}
		{C410DDEA-D36A-4934-BE4E-781C995C5B78} = {FD1099C1-FFA8-4A89-8A22-C57C98D54E5D}
		{7EE36303-EFEE-466F-ADA0-D6B036E005DE} = {C410DDEA-D36A-4934-BE4E-781C995C5B78}
		{B6CBC060-516E-4411-8A72-5F58265B87C7} = {7EE36303-EFEE-466F-ADA0-D6B036E005DE}
		{C19D8C32-B25A-4E15-BC99-4E5F05FFDE68} = {967158EE-102E-4DA7-A8A4-D1A50AD8F87A}
		{624BF3BF-1092-46BB-84AD-DE48FFDCF033} = {8268A682-CB10-418F-B2EF-657D0EBF1C81}
	EndGlobalSection
	GlobalSection(ExtensibilityGlobals) = postSolution
		SolutionGuid = {D90CE9FA-E170-476E-BC19-A9B0DE75E613}
	EndGlobalSection
EndGlobal
